
Microsoft Visual Studio Solution File, Format Version 12.00
# Visual Studio Version 17
VisualStudioVersion = 17.6.33829.357
MinimumVisualStudioVersion = 10.0.40219.1
Project("{9A19103F-16F7-4668-BE54-9A1E7A4F7556}") = "lifedashboard", "lifedashboard.csproj", "{FEBE64E5-6BFB-409F-B9A6-0618D113F05A}"
EndProject
Global
	GlobalSection(SolutionConfigurationPlatforms) = preSolution
		Debug|Any CPU = Debug|Any CPU
		Release|Any CPU = Release|Any CPU
	EndGlobalSection
	GlobalSection(ProjectConfigurationPlatforms) = postSolution
		{FEBE64E5-6BFB-409F-B9A6-0618D113F05A}.Debug|Any CPU.ActiveCfg = Debug|Any CPU
		{FEBE64E5-6BFB-409F-B9A6-0618D113F05A}.Debug|Any CPU.Build.0 = Debug|Any CPU
		{FEBE64E5-6BFB-409F-B9A6-0618D113F05A}.Release|Any CPU.ActiveCfg = Release|Any CPU
		{FEBE64E5-6BFB-409F-B9A6-0618D113F05A}.Release|Any CPU.Build.0 = Release|Any CPU
	EndGlobalSection
	GlobalSection(SolutionProperties) = preSolution
		HideSolutionNode = FALSE
	EndGlobalSection
	GlobalSection(ExtensibilityGlobals) = postSolution
		SolutionGuid = {5B7D65FF-2201-4578-BBB9-049D3DC3ABBB}
	EndGlobalSection
EndGlobal
